# This file was autogenerated by Stack.
# You should not edit this file by hand.
# For more information, please see the documentation at:
#   https://docs.haskellstack.org/en/stable/lock_files

packages: []
snapshots:
- completed:
    sha256: 59630546a62e2a2a2897cd337b5055ccedaee9c65d45d1b12049fadd7b7901f3
    size: 622963
    url: https://raw.githubusercontent.com/commercialhaskell/stackage-snapshots/master/nightly/2024/4/6.yaml
  original: nightly-2024-04-06
