# This file was autogenerated by Stack.
# You should not edit this file by hand.
# For more information, please see the documentation at:
#   https://docs.haskellstack.org/en/stable/topics/lock_files

packages: []
snapshots:
- completed:
    sha256: e095131a8c060d395ded50b53dcec91e11131e98e6fb7e7a921455d1cb5c7ed0
    size: 692467
    url: https://raw.githubusercontent.com/commercialhaskell/stackage-snapshots/master/nightly/2025/9/11.yaml
  original: nightly-2025-09-11
