# This file was autogenerated by Stack.
# You should not edit this file by hand.
# For more information, please see the documentation at:
#   https://docs.haskellstack.org/en/stable/lock_files

packages: []
snapshots:
- completed:
    sha256: 114af1fd0c2013f442fac50277cabf2b57eb8cdae471f70d885b5555197567e6
    size: 665907
    url: https://raw.githubusercontent.com/commercialhaskell/stackage-snapshots/master/nightly/2024/10/22.yaml
  original: nightly-2024-10-22
