# This file was autogenerated by Stack.
# You should not edit this file by hand.
# For more information, please see the documentation at:
#   https://docs.haskellstack.org/en/stable/topics/lock_files

packages: []
snapshots:
- completed:
    sha256: d6509bd295a17463d8ff4461bc5d3637d9e7e775d753d3fcb5ecd19069e4c996
    size: 669887
    url: https://raw.githubusercontent.com/commercialhaskell/stackage-snapshots/master/nightly/2025/7/15.yaml
  original: nightly-2025-07-15
