# This file was autogenerated by Stack.
# You should not edit this file by hand.
# For more information, please see the documentation at:
#   https://docs.haskellstack.org/en/stable/lock_files

packages:
- completed:
    hackage: hakyll-4.16.2.0@sha256:d98c0e2ed14ca2483ea52406f9c924e8fe383fd06c4c3b80ca5daf312f36c270,9997
    pantry-tree:
      sha256: 7e353fb6d50611d437c3c355ee5b50cc7b0e2ec805ee6a2deb89068d0840266f
      size: 9412
  original:
    hackage: hakyll-4.16.2.0
- completed:
    hackage: non-empty-text-0.2.0@sha256:7d1c1f9a11c78c00c656269f940d2fcccd3c2eaf6b619f66bb83a9ea72decc1f,2438
    pantry-tree:
      sha256: 303f637d7ca4c4573c8d861282b07b172959c8d3f3aa531b0462f3d08b9669d1
      size: 400
  original:
    hackage: non-empty-text-0.2.0
snapshots:
- completed:
    sha256: fb482b8e2d5d061cdda4ba1da2957c012740c893a5ee1c1b99001adae7b1fbe7
    size: 640046
    url: https://raw.githubusercontent.com/commercialhaskell/stackage-snapshots/master/lts/21/19.yaml
  original:
    url: https://raw.githubusercontent.com/commercialhaskell/stackage-snapshots/master/lts/21/19.yaml
