# This file was autogenerated by Stack.
# You should not edit this file by hand.
# For more information, please see the documentation at:
#   https://docs.haskellstack.org/en/stable/lock_files

packages: []
snapshots:
- completed:
    size: 534952
    url: https://raw.githubusercontent.com/commercialhaskell/stackage-snapshots/master/nightly/2021/6/29.yaml
    sha256: fe84bbc5c940f284468b42d1011990c47304f65d510a99fb988c017600ad6ca6
  original: nightly-2021-06-29
