# This file was autogenerated by Stack.
# You should not edit this file by hand.
# For more information, please see the documentation at:
#   https://docs.haskellstack.org/en/stable/lock_files

packages:
- completed:
    hackage: hedgehog-1.0.4@sha256:e7560a354c8806f3435a345486c09e7cdc55378f747895334eff3214b59a2b30,4368
    pantry-tree:
      size: 2621
      sha256: 94bc2cd33f9390216290d08c65b44c813f4cfa18f5f3b6c7a3cb9f954127aa2c
  original:
    hackage: hedgehog-1.0.4
snapshots:
- completed:
    size: 532377
    url: https://raw.githubusercontent.com/commercialhaskell/stackage-snapshots/master/lts/16/12.yaml
    sha256: f914cfa23fef85bdf895e300a8234d9d0edc2dbec67f4bc9c53f85867c50eab6
  original: lts-16.12
