# This file was autogenerated by Stack.
# You should not edit this file by hand.
# For more information, please see the documentation at:
#   https://docs.haskellstack.org/en/stable/lock_files

packages: []
snapshots:
- completed:
    size: 589879
    url: https://raw.githubusercontent.com/commercialhaskell/stackage-snapshots/master/nightly/2021/10/24.yaml
    sha256: f3f86fd3d805b81bfaeb56c106c7bc8a2e6ce1758f15db3973979c8b2b6fb2a4
  original: nightly-2021-10-24
