# This file was autogenerated by Stack.
# You should not edit this file by hand.
# For more information, please see the documentation at:
#   https://docs.haskellstack.org/en/stable/lock_files

packages: []
snapshots:
- completed:
    sha256: d4639f3981024cf7621b8e0480365ec7b6d8c963c5f26a320af027e0b37d1bf2
    size: 531725
    url: https://raw.githubusercontent.com/commercialhaskell/stackage-snapshots/master/nightly/2023/6/26.yaml
  original: nightly-2023-06-26
