# This file was autogenerated by Stack.
# You should not edit this file by hand.
# For more information, please see the documentation at:
#   https://docs.haskellstack.org/en/stable/lock_files

packages: []
snapshots:
- completed:
    size: 646692
    url: https://raw.githubusercontent.com/commercialhaskell/stackage-snapshots/master/nightly/2022/11/1.yaml
    sha256: 002a45f487922f7d12d046451e9c968d4428d9cb01844240bab3fae8c25c0a29
  original: nightly-2022-11-01
