# This file was autogenerated by Stack.
# You should not edit this file by hand.
# For more information, please see the documentation at:
#   https://docs.haskellstack.org/en/stable/topics/lock_files

packages:
- completed:
    hackage: orville-postgresql-1.1.0.0@sha256:819b2bbbd2882fa746b268c0127fa49681d0b431fe29d8ca63aa4da11d7c1cfe,10784
    pantry-tree:
      sha256: 9cf1865ded3f1becabb2e8394b78c9f07b8fa8693dc1a191068b9596b35a78b3
      size: 15645
  original:
    hackage: orville-postgresql-1.1.0.0
snapshots:
- completed:
    sha256: 0d0bb681dd5be9b930c8fc070d717aae757b9aed176ae6047d87624b46406816
    size: 726097
    url: https://raw.githubusercontent.com/commercialhaskell/stackage-snapshots/master/lts/24/12.yaml
  original: lts-24.12
