# This file was autogenerated by Stack.
# You should not edit this file by hand.
# For more information, please see the documentation at:
#   https://docs.haskellstack.org/en/stable/lock_files

packages:
- completed:
    hackage: HDBC-postgresql-2.3.2.5@sha256:5d46e19ddd92349546117d5558b7d1a9d0f7fa363a394e21bb41cc39acc6d0d7,3213
    pantry-tree:
      sha256: c75821e0c0d10b785a19999d635f2c10a5891b33c48ffcc3e0963e681a861618
      size: 1730
  original:
    hackage: HDBC-postgresql-2.3.2.5
snapshots:
- completed:
    sha256: d0ee122a83faa02a679829d43b3485b21827c3cc1cce0db8ac8957b78d45bee3
    size: 566883
    url: https://raw.githubusercontent.com/commercialhaskell/stackage-snapshots/master/lts/10/0.yaml
  original: lts-10.0
