# This file was autogenerated by Stack.
# You should not edit this file by hand.
# For more information, please see the documentation at:
#   https://docs.haskellstack.org/en/stable/lock_files

packages:
- completed:
    hackage: orville-postgresql-1.0.0.0@sha256:35e9b9f8bc0bc1ee1847bcb5340fa39bed320f1573099ec16ca394726a50593a,9018
    pantry-tree:
      sha256: b8d324f2ad94f12ac419996cc2947ee0c69c5178b2caf13dc92135118602bbd8
      size: 12020
  original:
    hackage: orville-postgresql-1.0.0.0
snapshots:
- completed:
    sha256: 08bd13ce621b41a8f5e51456b38d5b46d7783ce114a50ab604d6bbab0d002146
    size: 720271
    url: https://raw.githubusercontent.com/commercialhaskell/stackage-snapshots/master/lts/22/43.yaml
  original: lts-22.43
