# This file was autogenerated by Stack.
# You should not edit this file by hand.
# For more information, please see the documentation at:
#   https://docs.haskellstack.org/en/stable/topics/lock_files

packages:
- completed:
    hackage: mmzk-typeid-0.7.0.2@sha256:65495c89bc172abd10efa5418e5d3f3872a30ea6b2b37ea31df4c0e41b5f110c,4834
    pantry-tree:
      sha256: e2bf88510a3fe4666724836e13cafaccb089fe8910546e6bb3d7670d80026bcc
      size: 2199
  original:
    hackage: mmzk-typeid-0.7.0.2
- completed:
    hackage: random-1.2.1.3@sha256:117541ba0a177397a3333f94870f789ef050dca31b0688a19824b2bc401b8823,6237
    pantry-tree:
      sha256: 79fdbb95ca2d108acb7b01903dbe288008cecbdc558105b7fdc095bfff7f3e09
      size: 1528
  original:
    hackage: random-1.2.1.3@sha256:117541ba0a177397a3333f94870f789ef050dca31b0688a19824b2bc401b8823,6237
snapshots:
- completed:
    sha256: e095131a8c060d395ded50b53dcec91e11131e98e6fb7e7a921455d1cb5c7ed0
    size: 692467
    url: https://raw.githubusercontent.com/commercialhaskell/stackage-snapshots/master/nightly/2025/9/11.yaml
  original: nightly-2025-09-11
