# This file was autogenerated by Stack.
# You should not edit this file by hand.
# For more information, please see the documentation at:
#   https://docs.haskellstack.org/en/stable/topics/lock_files

packages:
- completed:
    hackage: mmzk-typeid-0.7.0.2@sha256:65495c89bc172abd10efa5418e5d3f3872a30ea6b2b37ea31df4c0e41b5f110c,4834
    pantry-tree:
      sha256: e2bf88510a3fe4666724836e13cafaccb089fe8910546e6bb3d7670d80026bcc
      size: 2199
  original:
    hackage: mmzk-typeid-0.7.0.2
snapshots:
- completed:
    sha256: 0d0bb681dd5be9b930c8fc070d717aae757b9aed176ae6047d87624b46406816
    size: 726097
    url: https://raw.githubusercontent.com/commercialhaskell/stackage-snapshots/master/lts/24/12.yaml
  original: lts-24.12
